
Microsoft Visual Studio Solution File, Format Version 9.00
# Visual Studio 2005
Project("{54435603-DBB4-11D2-8724-00A0C9A8B90C}") = "Installer", "Installer.vdproj", "{747B2635-588F-4A9C-8B81-4A2DC01D8900}"
EndProject
Global
	GlobalSection(SolutionConfigurationPlatforms) = preSolution
		Debug|Default = Debug|Default
		Release|Default = Release|Default
	EndGlobalSection
	GlobalSection(ProjectConfigurationPlatforms) = postSolution
		{747B2635-588F-4A9C-8B81-4A2DC01D8900}.Debug|Default.ActiveCfg = Debug
		{747B2635-588F-4A9C-8B81-4A2DC01D8900}.Debug|Default.Build.0 = Debug
		{747B2635-588F-4A9C-8B81-4A2DC01D8900}.Release|Default.ActiveCfg = Release
		{747B2635-588F-4A9C-8B81-4A2DC01D8900}.Release|Default.Build.0 = Release
	EndGlobalSection
	GlobalSection(SolutionProperties) = preSolution
		HideSolutionNode = FALSE
	EndGlobalSection
EndGlobal
